{
  "nodes": {
    "brew-src": {
      "flake": false,
      "locked": {
        "lastModified": 1731323744,
        "narHash": "sha256-SxUQm4cTHcaoPQHoXe26ZV8cZiMWBGow8MjE4L+MckM=",
        "owner": "Homebrew",
        "repo": "brew",
        "rev": "254bf3fe9d8fa2e1b2fb55dbcf535b2d870180c4",
        "type": "github"
      },
      "original": {
        "owner": "Homebrew",
        "ref": "4.4.5",
        "repo": "brew",
        "type": "github"
      }
    },
    "dotfiles-secrets": {
      "flake": false,
      "locked": {
        "lastModified": 1736154259,
        "narHash": "sha256-mjTyzG15L2bW0hWHkbvRvGJZjX87HGxxwmZrUeBwWnU=",
        "ref": "refs/heads/main",
        "rev": "1dc48360c9789b503b5f1a6546b5f354f724089e",
        "shallow": true,
        "type": "git",
        "url": "ssh://git@github.com/niklasravnsborg/dotfiles-secrets"
      },
      "original": {
        "shallow": true,
        "type": "git",
        "url": "ssh://git@github.com/niklasravnsborg/dotfiles-secrets"
      }
    },
    "home-manager": {
      "inputs": {
        "nixpkgs": [
          "nixpkgs"
        ]
      },
      "locked": {
        "lastModified": 1738878603,
        "narHash": "sha256-fmhq8B3MvQLawLbMO+LWLcdC2ftLMmwSk+P29icJ3tE=",
        "owner": "nix-community",
        "repo": "home-manager",
        "rev": "433799271274c9f2ab520a49527ebfe2992dcfbd",
        "type": "github"
      },
      "original": {
        "owner": "nix-community",
        "repo": "home-manager",
        "type": "github"
      }
    },
    "nix-darwin": {
      "inputs": {
        "nixpkgs": [
          "nixpkgs"
        ]
      },
      "locked": {
        "lastModified": 1732715111,
        "narHash": "sha256-eK9WTMfnnS6OAiYONo1ppesxMmXSTd8+kRUT8F/ujCY=",
        "owner": "niklasravnsborg",
        "repo": "nix-darwin",
        "rev": "264efe7100eea7a8bc27ed69b117dc89599ba7f7",
        "type": "github"
      },
      "original": {
        "owner": "niklasravnsborg",
        "repo": "nix-darwin",
        "type": "github"
      }
    },
    "nix-darwin-custom-icons": {
      "locked": {
        "lastModified": 1719071371,
        "narHash": "sha256-SPazmoL3Pls4QTiZ2CRtavecNJgzpL4GeiwafTmtdJ8=",
        "owner": "ryanccn",
        "repo": "nix-darwin-custom-icons",
        "rev": "ad3e8cf49ef0b276ccf67410f544ff33d965d821",
        "type": "github"
      },
      "original": {
        "owner": "ryanccn",
        "repo": "nix-darwin-custom-icons",
        "type": "github"
      }
    },
    "nix-homebrew": {
      "inputs": {
        "brew-src": "brew-src",
        "nix-darwin": [
          "nix-darwin"
        ],
        "nixpkgs": [
          "nixpkgs"
        ]
      },
      "locked": {
        "lastModified": 1736041957,
        "narHash": "sha256-Kk/cVtkxwfHNoB6nINUarMLTtyAEvH+ohzxKBptMzzg=",
        "owner": "zhaofengli",
        "repo": "nix-homebrew",
        "rev": "a6d99cc7436fc18c097b3536d9c45c0548c694c8",
        "type": "github"
      },
      "original": {
        "owner": "zhaofengli",
        "repo": "nix-homebrew",
        "type": "github"
      }
    },
    "nixpkgs": {
      "locked": {
        "lastModified": 1738797219,
        "narHash": "sha256-KRwX9Z1XavpgeSDVM/THdFd6uH8rNm/6R+7kIbGa+2s=",
        "owner": "nixos",
        "repo": "nixpkgs",
        "rev": "1da52dd49a127ad74486b135898da2cef8c62665",
        "type": "github"
      },
      "original": {
        "owner": "nixos",
        "ref": "nixpkgs-unstable",
        "repo": "nixpkgs",
        "type": "github"
      }
    },
    "nixpkgs-stable": {
      "locked": {
        "lastModified": 1735651292,
        "narHash": "sha256-YLbzcBtYo1/FEzFsB3AnM16qFc6fWPMIoOuSoDwvg9g=",
        "owner": "nixos",
        "repo": "nixpkgs",
        "rev": "0da3c44a9460a26d2025ec3ed2ec60a895eb1114",
        "type": "github"
      },
      "original": {
        "owner": "nixos",
        "ref": "release-24.05",
        "repo": "nixpkgs",
        "type": "github"
      }
    },
    "root": {
      "inputs": {
        "dotfiles-secrets": "dotfiles-secrets",
        "home-manager": "home-manager",
        "nix-darwin": "nix-darwin",
        "nix-darwin-custom-icons": "nix-darwin-custom-icons",
        "nix-homebrew": "nix-homebrew",
        "nixpkgs": "nixpkgs",
        "nixpkgs-stable": "nixpkgs-stable",
        "sops-nix": "sops-nix"
      }
    },
    "sops-nix": {
      "inputs": {
        "nixpkgs": [
          "nixpkgs"
        ]
      },
      "locked": {
        "lastModified": 1738291974,
        "narHash": "sha256-wkwYJc8cKmmQWUloyS9KwttBnja2ONRuJQDEsmef320=",
        "owner": "Mic92",
        "repo": "sops-nix",
        "rev": "4c1251904d8a08c86ac6bc0d72cc09975e89aef7",
        "type": "github"
      },
      "original": {
        "owner": "Mic92",
        "repo": "sops-nix",
        "type": "github"
      }
    }
  },
  "root": "root",
  "version": 7
}
